Microsoft Visual Studio Solution File, Format Version 12.00
# Visual Studio Version 16
VisualStudioVersion = 16.0.0.0
MinimumVisualStudioVersion = 16.0.0.0
Project("{9A19103F-16F7-4668-BE54-9A1E7A4F7556}") = "MDS.Frontend", "MDS.Frontend\MDS.Frontend.csproj", "{9BFDA66F-B5EC-49F8-B8BA-5B15C3BDF3D6}"
EndProject
Project("{9A19103F-16F7-4668-BE54-9A1E7A4F7556}") = "MDS.Frontend.Client", "MDS.Frontend.Client\MDS.Frontend.Client.csproj", "{50EAECE6-0255-4A0A-A58E-B4F463D32D29}"
EndProject
Global
	GlobalSection(SolutionConfigurationPlatforms) = preSolution
		Debug|Any CPU = Debug|Any CPU
		Debug|x64 = Debug|x64
		Debug|x86 = Debug|x86
		Release|Any CPU = Release|Any CPU
		Release|x64 = Release|x64
		Release|x86 = Release|x86
	EndGlobalSection
	GlobalSection(ProjectConfigurationPlatforms) = postSolution
		{50EAECE6-0255-4A0A-A58E-B4F463D32D29}.Debug|Any CPU.ActiveCfg = Debug|Any CPU
		{50EAECE6-0255-4A0A-A58E-B4F463D32D29}.Debug|Any CPU.Build.0 = Debug|Any CPU
		{50EAECE6-0255-4A0A-A58E-B4F463D32D29}.Debug|x64.ActiveCfg = Debug|Any CPU
		{50EAECE6-0255-4A0A-A58E-B4F463D32D29}.Debug|x64.Build.0 = Debug|Any CPU
		{50EAECE6-0255-4A0A-A58E-B4F463D32D29}.Debug|x86.ActiveCfg = Debug|Any CPU
		{50EAECE6-0255-4A0A-A58E-B4F463D32D29}.Debug|x86.Build.0 = Debug|Any CPU
		{50EAECE6-0255-4A0A-A58E-B4F463D32D29}.Release|Any CPU.ActiveCfg = Release|Any CPU
		{50EAECE6-0255-4A0A-A58E-B4F463D32D29}.Release|Any CPU.Build.0 = Release|Any CPU
		{50EAECE6-0255-4A0A-A58E-B4F463D32D29}.Release|x64.ActiveCfg = Release|Any CPU
		{50EAECE6-0255-4A0A-A58E-B4F463D32D29}.Release|x64.Build.0 = Release|Any CPU
		{50EAECE6-0255-4A0A-A58E-B4F463D32D29}.Release|x86.ActiveCfg = Release|Any CPU
		{50EAECE6-0255-4A0A-A58E-B4F463D32D29}.Release|x86.Build.0 = Release|Any CPU
		{9BFDA66F-B5EC-49F8-B8BA-5B15C3BDF3D6}.Debug|Any CPU.ActiveCfg = Debug|Any CPU
		{9BFDA66F-B5EC-49F8-B8BA-5B15C3BDF3D6}.Debug|Any CPU.Build.0 = Debug|Any CPU
		{9BFDA66F-B5EC-49F8-B8BA-5B15C3BDF3D6}.Debug|x64.ActiveCfg = Debug|Any CPU
		{9BFDA66F-B5EC-49F8-B8BA-5B15C3BDF3D6}.Debug|x64.Build.0 = Debug|Any CPU
		{9BFDA66F-B5EC-49F8-B8BA-5B15C3BDF3D6}.Debug|x86.ActiveCfg = Debug|Any CPU
		{9BFDA66F-B5EC-49F8-B8BA-5B15C3BDF3D6}.Debug|x86.Build.0 = Debug|Any CPU
		{9BFDA66F-B5EC-49F8-B8BA-5B15C3BDF3D6}.Release|Any CPU.ActiveCfg = Release|Any CPU
		{9BFDA66F-B5EC-49F8-B8BA-5B15C3BDF3D6}.Release|Any CPU.Build.0 = Release|Any CPU
		{9BFDA66F-B5EC-49F8-B8BA-5B15C3BDF3D6}.Release|x64.ActiveCfg = Release|Any CPU
		{9BFDA66F-B5EC-49F8-B8BA-5B15C3BDF3D6}.Release|x64.Build.0 = Release|Any CPU
		{9BFDA66F-B5EC-49F8-B8BA-5B15C3BDF3D6}.Release|x86.ActiveCfg = Release|Any CPU
		{9BFDA66F-B5EC-49F8-B8BA-5B15C3BDF3D6}.Release|x86.Build.0 = Release|Any CPU
	EndGlobalSection
	GlobalSection(SolutionProperties) = preSolution
		HideSolutionNode = FALSE
	EndGlobalSection
	GlobalSection(ExtensibilityGlobals) = postSolution
		SolutionGuid = {A31BDEB1-673F-4E2A-AB80-4368A45AE0F8}
	EndGlobalSection
EndGlobal
