
Microsoft Visual Studio Solution File, Format Version 12.00
# Visual Studio Version 17
VisualStudioVersion = 17.0.31903.59
MinimumVisualStudioVersion = 10.0.40219.1
Project("{FAE04EC0-301F-11D3-BF4B-00C04F79EFBC}") = "MDS.Runner.Scraper", "MDS.Runner.Scraper\MDS.Runner.Scraper.csproj", "{42EDCFCA-F827-4981-8CB5-753F03F37AF5}"
EndProject
Project("{2150E333-8FDC-42A3-9474-1A3956D46DE8}") = "Solution Items", "Solution Items", "{CA350A09-9E81-4486-B3A1-FC635BB593E6}"
	ProjectSection(SolutionItems) = preProject
		compose.yaml = compose.yaml
	EndProjectSection
EndProject
Project("{FAE04EC0-301F-11D3-BF4B-00C04F79EFBC}") = "MDS.Data", "MDS.Data\MDS.Data.csproj", "{05C3074B-EA07-4041-A963-F10441EBEE7B}"
EndProject
Project("{FAE04EC0-301F-11D3-BF4B-00C04F79EFBC}") = "MeDeixaSaber.Core", "MeDeixaSaber.Core\MeDeixaSaber.Core.csproj", "{CE8E6CC8-C50F-495C-BFE9-C4B40A8CB548}"
EndProject
Project("{FAE04EC0-301F-11D3-BF4B-00C04F79EFBC}") = "MDS.Runner.NewsLlm", "MDS.Runner.NewsLlm\MDS.Runner.NewsLlm.csproj", "{D212021A-7CE9-42BB-8980-FD67D26709EF}"
EndProject
Project("{FAE04EC0-301F-11D3-BF4B-00C04F79EFBC}") = "MDS.Runner.Scraper.Test", "MDS.Runner.Scraper.Test\MDS.Runner.Scraper.Test.csproj", "{99BC5724-61BE-4B55-A5EC-13FBBEC4C28E}"
EndProject
Project("{FAE04EC0-301F-11D3-BF4B-00C04F79EFBC}") = "MDS.Runner.NewsLlm.Test", "MDS.Runner.NewsLlm.Test\MDS.Runner.NewsLlm.Test.csproj", "{0AEE94C2-E800-44F7-BEBA-C510C2A87B2C}"
EndProject
Project("{FAE04EC0-301F-11D3-BF4B-00C04F79EFBC}") = "MDS.Api", "MDS.Api\MDS.Api.csproj", "{3FB0EA97-1040-4010-868C-EEB58441FC09}"
EndProject
Project("{FAE04EC0-301F-11D3-BF4B-00C04F79EFBC}") = "MDS.Application", "MDS.Application\MDS.Application.csproj", "{6C5AAE02-5476-47BB-8E19-4DD56D81E841}"
EndProject
Project("{FAE04EC0-301F-11D3-BF4B-00C04F79EFBC}") = "MDS.Infrastructure", "MDS.Infrastructure\MDS.Infrastructure.csproj", "{832D0399-C146-470E-BDFD-C6997F52ED85}"
EndProject
Project("{FAE04EC0-301F-11D3-BF4B-00C04F79EFBC}") = "MDS.Application.Tests", "MDS.Application.Tests\MDS.Application.Tests.csproj", "{90AF4C59-8A14-4AAB-9BC0-C3C43B86BAE7}"
EndProject
Project("{FAE04EC0-301F-11D3-BF4B-00C04F79EFBC}") = "MDS.Infrastructure.Tests", "MDS.Infrastructure.Tests\MDS.Infrastructure.Tests.csproj", "{E286B1CA-1E75-4AE7-98B4-0E63A2BF8237}"
EndProject
Project("{FAE04EC0-301F-11D3-BF4B-00C04F79EFBC}") = "MDS.Api.Tests", "MDS.Api.Tests\MDS.Api.Tests.csproj", "{F46CEDB0-2FD9-4F8A-BC3F-7CD16A7A5BD7}"
EndProject
Project("{FAE04EC0-301F-11D3-BF4B-00C04F79EFBC}") = "MDS.Data.Tests", "MDS.Data.Tests\MDS.Data.Tests.csproj", "{50BC71CC-269A-496C-A078-882106A52153}"
EndProject
Project("{FAE04EC0-301F-11D3-BF4B-00C04F79EFBC}") = "MDS.Blazor", "MDS.Blazor\MDS.Blazor\MDS.Blazor.csproj", "{3A62A62E-A176-4C96-BB37-BA6322B49C4A}"
EndProject
Project("{FAE04EC0-301F-11D3-BF4B-00C04F79EFBC}") = "MDS.Blazor.Client", "MDS.Blazor\MDS.Blazor.Client\MDS.Blazor.Client.csproj", "{C6728A3A-54ED-40B4-9C20-3A6BBEC3A8EF}"
EndProject
Global
	GlobalSection(SolutionConfigurationPlatforms) = preSolution
		Debug|Any CPU = Debug|Any CPU
		Debug|x64 = Debug|x64
		Debug|x86 = Debug|x86
		Release|Any CPU = Release|Any CPU
		Release|x64 = Release|x64
		Release|x86 = Release|x86
	EndGlobalSection
	GlobalSection(ProjectConfigurationPlatforms) = postSolution
		{42EDCFCA-F827-4981-8CB5-753F03F37AF5}.Debug|Any CPU.ActiveCfg = Debug|Any CPU
		{42EDCFCA-F827-4981-8CB5-753F03F37AF5}.Debug|Any CPU.Build.0 = Debug|Any CPU
		{42EDCFCA-F827-4981-8CB5-753F03F37AF5}.Debug|x64.ActiveCfg = Debug|Any CPU
		{42EDCFCA-F827-4981-8CB5-753F03F37AF5}.Debug|x64.Build.0 = Debug|Any CPU
		{42EDCFCA-F827-4981-8CB5-753F03F37AF5}.Debug|x86.ActiveCfg = Debug|Any CPU
		{42EDCFCA-F827-4981-8CB5-753F03F37AF5}.Debug|x86.Build.0 = Debug|Any CPU
		{42EDCFCA-F827-4981-8CB5-753F03F37AF5}.Release|Any CPU.ActiveCfg = Release|Any CPU
		{42EDCFCA-F827-4981-8CB5-753F03F37AF5}.Release|Any CPU.Build.0 = Release|Any CPU
		{42EDCFCA-F827-4981-8CB5-753F03F37AF5}.Release|x64.ActiveCfg = Release|Any CPU
		{42EDCFCA-F827-4981-8CB5-753F03F37AF5}.Release|x64.Build.0 = Release|Any CPU
		{42EDCFCA-F827-4981-8CB5-753F03F37AF5}.Release|x86.ActiveCfg = Release|Any CPU
		{42EDCFCA-F827-4981-8CB5-753F03F37AF5}.Release|x86.Build.0 = Release|Any CPU
		{05C3074B-EA07-4041-A963-F10441EBEE7B}.Debug|Any CPU.ActiveCfg = Debug|Any CPU
		{05C3074B-EA07-4041-A963-F10441EBEE7B}.Debug|Any CPU.Build.0 = Debug|Any CPU
		{05C3074B-EA07-4041-A963-F10441EBEE7B}.Debug|x64.ActiveCfg = Debug|Any CPU
		{05C3074B-EA07-4041-A963-F10441EBEE7B}.Debug|x64.Build.0 = Debug|Any CPU
		{05C3074B-EA07-4041-A963-F10441EBEE7B}.Debug|x86.ActiveCfg = Debug|Any CPU
		{05C3074B-EA07-4041-A963-F10441EBEE7B}.Debug|x86.Build.0 = Debug|Any CPU
		{05C3074B-EA07-4041-A963-F10441EBEE7B}.Release|Any CPU.ActiveCfg = Release|Any CPU
		{05C3074B-EA07-4041-A963-F10441EBEE7B}.Release|Any CPU.Build.0 = Release|Any CPU
		{05C3074B-EA07-4041-A963-F10441EBEE7B}.Release|x64.ActiveCfg = Release|Any CPU
		{05C3074B-EA07-4041-A963-F10441EBEE7B}.Release|x64.Build.0 = Release|Any CPU
		{05C3074B-EA07-4041-A963-F10441EBEE7B}.Release|x86.ActiveCfg = Release|Any CPU
		{05C3074B-EA07-4041-A963-F10441EBEE7B}.Release|x86.Build.0 = Release|Any CPU
		{CE8E6CC8-C50F-495C-BFE9-C4B40A8CB548}.Debug|Any CPU.ActiveCfg = Debug|Any CPU
		{CE8E6CC8-C50F-495C-BFE9-C4B40A8CB548}.Debug|Any CPU.Build.0 = Debug|Any CPU
		{CE8E6CC8-C50F-495C-BFE9-C4B40A8CB548}.Debug|x64.ActiveCfg = Debug|Any CPU
		{CE8E6CC8-C50F-495C-BFE9-C4B40A8CB548}.Debug|x64.Build.0 = Debug|Any CPU
		{CE8E6CC8-C50F-495C-BFE9-C4B40A8CB548}.Debug|x86.ActiveCfg = Debug|Any CPU
		{CE8E6CC8-C50F-495C-BFE9-C4B40A8CB548}.Debug|x86.Build.0 = Debug|Any CPU
		{CE8E6CC8-C50F-495C-BFE9-C4B40A8CB548}.Release|Any CPU.ActiveCfg = Release|Any CPU
		{CE8E6CC8-C50F-495C-BFE9-C4B40A8CB548}.Release|Any CPU.Build.0 = Release|Any CPU
		{CE8E6CC8-C50F-495C-BFE9-C4B40A8CB548}.Release|x64.ActiveCfg = Release|Any CPU
		{CE8E6CC8-C50F-495C-BFE9-C4B40A8CB548}.Release|x64.Build.0 = Release|Any CPU
		{CE8E6CC8-C50F-495C-BFE9-C4B40A8CB548}.Release|x86.ActiveCfg = Release|Any CPU
		{CE8E6CC8-C50F-495C-BFE9-C4B40A8CB548}.Release|x86.Build.0 = Release|Any CPU
		{D212021A-7CE9-42BB-8980-FD67D26709EF}.Debug|Any CPU.ActiveCfg = Debug|Any CPU
		{D212021A-7CE9-42BB-8980-FD67D26709EF}.Debug|Any CPU.Build.0 = Debug|Any CPU
		{D212021A-7CE9-42BB-8980-FD67D26709EF}.Debug|x64.ActiveCfg = Debug|Any CPU
		{D212021A-7CE9-42BB-8980-FD67D26709EF}.Debug|x64.Build.0 = Debug|Any CPU
		{D212021A-7CE9-42BB-8980-FD67D26709EF}.Debug|x86.ActiveCfg = Debug|Any CPU
		{D212021A-7CE9-42BB-8980-FD67D26709EF}.Debug|x86.Build.0 = Debug|Any CPU
		{D212021A-7CE9-42BB-8980-FD67D26709EF}.Release|Any CPU.ActiveCfg = Release|Any CPU
		{D212021A-7CE9-42BB-8980-FD67D26709EF}.Release|Any CPU.Build.0 = Release|Any CPU
		{D212021A-7CE9-42BB-8980-FD67D26709EF}.Release|x64.ActiveCfg = Release|Any CPU
		{D212021A-7CE9-42BB-8980-FD67D26709EF}.Release|x64.Build.0 = Release|Any CPU
		{D212021A-7CE9-42BB-8980-FD67D26709EF}.Release|x86.ActiveCfg = Release|Any CPU
		{D212021A-7CE9-42BB-8980-FD67D26709EF}.Release|x86.Build.0 = Release|Any CPU
		{99BC5724-61BE-4B55-A5EC-13FBBEC4C28E}.Debug|Any CPU.ActiveCfg = Debug|Any CPU
		{99BC5724-61BE-4B55-A5EC-13FBBEC4C28E}.Debug|Any CPU.Build.0 = Debug|Any CPU
		{99BC5724-61BE-4B55-A5EC-13FBBEC4C28E}.Debug|x64.ActiveCfg = Debug|Any CPU
		{99BC5724-61BE-4B55-A5EC-13FBBEC4C28E}.Debug|x64.Build.0 = Debug|Any CPU
		{99BC5724-61BE-4B55-A5EC-13FBBEC4C28E}.Debug|x86.ActiveCfg = Debug|Any CPU
		{99BC5724-61BE-4B55-A5EC-13FBBEC4C28E}.Debug|x86.Build.0 = Debug|Any CPU
		{99BC5724-61BE-4B55-A5EC-13FBBEC4C28E}.Release|Any CPU.ActiveCfg = Release|Any CPU
		{99BC5724-61BE-4B55-A5EC-13FBBEC4C28E}.Release|Any CPU.Build.0 = Release|Any CPU
		{99BC5724-61BE-4B55-A5EC-13FBBEC4C28E}.Release|x64.ActiveCfg = Release|Any CPU
		{99BC5724-61BE-4B55-A5EC-13FBBEC4C28E}.Release|x64.Build.0 = Release|Any CPU
		{99BC5724-61BE-4B55-A5EC-13FBBEC4C28E}.Release|x86.ActiveCfg = Release|Any CPU
		{99BC5724-61BE-4B55-A5EC-13FBBEC4C28E}.Release|x86.Build.0 = Release|Any CPU
		{0AEE94C2-E800-44F7-BEBA-C510C2A87B2C}.Debug|Any CPU.ActiveCfg = Debug|Any CPU
		{0AEE94C2-E800-44F7-BEBA-C510C2A87B2C}.Debug|Any CPU.Build.0 = Debug|Any CPU
		{0AEE94C2-E800-44F7-BEBA-C510C2A87B2C}.Debug|x64.ActiveCfg = Debug|Any CPU
		{0AEE94C2-E800-44F7-BEBA-C510C2A87B2C}.Debug|x64.Build.0 = Debug|Any CPU
		{0AEE94C2-E800-44F7-BEBA-C510C2A87B2C}.Debug|x86.ActiveCfg = Debug|Any CPU
		{0AEE94C2-E800-44F7-BEBA-C510C2A87B2C}.Debug|x86.Build.0 = Debug|Any CPU
		{0AEE94C2-E800-44F7-BEBA-C510C2A87B2C}.Release|Any CPU.ActiveCfg = Release|Any CPU
		{0AEE94C2-E800-44F7-BEBA-C510C2A87B2C}.Release|Any CPU.Build.0 = Release|Any CPU
		{0AEE94C2-E800-44F7-BEBA-C510C2A87B2C}.Release|x64.ActiveCfg = Release|Any CPU
		{0AEE94C2-E800-44F7-BEBA-C510C2A87B2C}.Release|x64.Build.0 = Release|Any CPU
		{0AEE94C2-E800-44F7-BEBA-C510C2A87B2C}.Release|x86.ActiveCfg = Release|Any CPU
		{0AEE94C2-E800-44F7-BEBA-C510C2A87B2C}.Release|x86.Build.0 = Release|Any CPU
		{3FB0EA97-1040-4010-868C-EEB58441FC09}.Debug|Any CPU.ActiveCfg = Debug|Any CPU
		{3FB0EA97-1040-4010-868C-EEB58441FC09}.Debug|Any CPU.Build.0 = Debug|Any CPU
		{3FB0EA97-1040-4010-868C-EEB58441FC09}.Debug|x64.ActiveCfg = Debug|Any CPU
		{3FB0EA97-1040-4010-868C-EEB58441FC09}.Debug|x64.Build.0 = Debug|Any CPU
		{3FB0EA97-1040-4010-868C-EEB58441FC09}.Debug|x86.ActiveCfg = Debug|Any CPU
		{3FB0EA97-1040-4010-868C-EEB58441FC09}.Debug|x86.Build.0 = Debug|Any CPU
		{3FB0EA97-1040-4010-868C-EEB58441FC09}.Release|Any CPU.ActiveCfg = Release|Any CPU
		{3FB0EA97-1040-4010-868C-EEB58441FC09}.Release|Any CPU.Build.0 = Release|Any CPU
		{3FB0EA97-1040-4010-868C-EEB58441FC09}.Release|x64.ActiveCfg = Release|Any CPU
		{3FB0EA97-1040-4010-868C-EEB58441FC09}.Release|x64.Build.0 = Release|Any CPU
		{3FB0EA97-1040-4010-868C-EEB58441FC09}.Release|x86.ActiveCfg = Release|Any CPU
		{3FB0EA97-1040-4010-868C-EEB58441FC09}.Release|x86.Build.0 = Release|Any CPU
		{6C5AAE02-5476-47BB-8E19-4DD56D81E841}.Debug|Any CPU.ActiveCfg = Debug|Any CPU
		{6C5AAE02-5476-47BB-8E19-4DD56D81E841}.Debug|Any CPU.Build.0 = Debug|Any CPU
		{6C5AAE02-5476-47BB-8E19-4DD56D81E841}.Debug|x64.ActiveCfg = Debug|Any CPU
		{6C5AAE02-5476-47BB-8E19-4DD56D81E841}.Debug|x64.Build.0 = Debug|Any CPU
		{6C5AAE02-5476-47BB-8E19-4DD56D81E841}.Debug|x86.ActiveCfg = Debug|Any CPU
		{6C5AAE02-5476-47BB-8E19-4DD56D81E841}.Debug|x86.Build.0 = Debug|Any CPU
		{6C5AAE02-5476-47BB-8E19-4DD56D81E841}.Release|Any CPU.ActiveCfg = Release|Any CPU
		{6C5AAE02-5476-47BB-8E19-4DD56D81E841}.Release|Any CPU.Build.0 = Release|Any CPU
		{6C5AAE02-5476-47BB-8E19-4DD56D81E841}.Release|x64.ActiveCfg = Release|Any CPU
		{6C5AAE02-5476-47BB-8E19-4DD56D81E841}.Release|x64.Build.0 = Release|Any CPU
		{6C5AAE02-5476-47BB-8E19-4DD56D81E841}.Release|x86.ActiveCfg = Release|Any CPU
		{6C5AAE02-5476-47BB-8E19-4DD56D81E841}.Release|x86.Build.0 = Release|Any CPU
		{832D0399-C146-470E-BDFD-C6997F52ED85}.Debug|Any CPU.ActiveCfg = Debug|Any CPU
		{832D0399-C146-470E-BDFD-C6997F52ED85}.Debug|Any CPU.Build.0 = Debug|Any CPU
		{832D0399-C146-470E-BDFD-C6997F52ED85}.Debug|x64.ActiveCfg = Debug|Any CPU
		{832D0399-C146-470E-BDFD-C6997F52ED85}.Debug|x64.Build.0 = Debug|Any CPU
		{832D0399-C146-470E-BDFD-C6997F52ED85}.Debug|x86.ActiveCfg = Debug|Any CPU
		{832D0399-C146-470E-BDFD-C6997F52ED85}.Debug|x86.Build.0 = Debug|Any CPU
		{832D0399-C146-470E-BDFD-C6997F52ED85}.Release|Any CPU.ActiveCfg = Release|Any CPU
		{832D0399-C146-470E-BDFD-C6997F52ED85}.Release|Any CPU.Build.0 = Release|Any CPU
		{832D0399-C146-470E-BDFD-C6997F52ED85}.Release|x64.ActiveCfg = Release|Any CPU
		{832D0399-C146-470E-BDFD-C6997F52ED85}.Release|x64.Build.0 = Release|Any CPU
		{832D0399-C146-470E-BDFD-C6997F52ED85}.Release|x86.ActiveCfg = Release|Any CPU
		{832D0399-C146-470E-BDFD-C6997F52ED85}.Release|x86.Build.0 = Release|Any CPU
		{90AF4C59-8A14-4AAB-9BC0-C3C43B86BAE7}.Debug|Any CPU.ActiveCfg = Debug|Any CPU
		{90AF4C59-8A14-4AAB-9BC0-C3C43B86BAE7}.Debug|Any CPU.Build.0 = Debug|Any CPU
		{90AF4C59-8A14-4AAB-9BC0-C3C43B86BAE7}.Debug|x64.ActiveCfg = Debug|Any CPU
		{90AF4C59-8A14-4AAB-9BC0-C3C43B86BAE7}.Debug|x64.Build.0 = Debug|Any CPU
		{90AF4C59-8A14-4AAB-9BC0-C3C43B86BAE7}.Debug|x86.ActiveCfg = Debug|Any CPU
		{90AF4C59-8A14-4AAB-9BC0-C3C43B86BAE7}.Debug|x86.Build.0 = Debug|Any CPU
		{90AF4C59-8A14-4AAB-9BC0-C3C43B86BAE7}.Release|Any CPU.ActiveCfg = Release|Any CPU
		{90AF4C59-8A14-4AAB-9BC0-C3C43B86BAE7}.Release|Any CPU.Build.0 = Release|Any CPU
		{90AF4C59-8A14-4AAB-9BC0-C3C43B86BAE7}.Release|x64.ActiveCfg = Release|Any CPU
		{90AF4C59-8A14-4AAB-9BC0-C3C43B86BAE7}.Release|x64.Build.0 = Release|Any CPU
		{90AF4C59-8A14-4AAB-9BC0-C3C43B86BAE7}.Release|x86.ActiveCfg = Release|Any CPU
		{90AF4C59-8A14-4AAB-9BC0-C3C43B86BAE7}.Release|x86.Build.0 = Release|Any CPU
		{E286B1CA-1E75-4AE7-98B4-0E63A2BF8237}.Debug|Any CPU.ActiveCfg = Debug|Any CPU
		{E286B1CA-1E75-4AE7-98B4-0E63A2BF8237}.Debug|Any CPU.Build.0 = Debug|Any CPU
		{E286B1CA-1E75-4AE7-98B4-0E63A2BF8237}.Debug|x64.ActiveCfg = Debug|Any CPU
		{E286B1CA-1E75-4AE7-98B4-0E63A2BF8237}.Debug|x64.Build.0 = Debug|Any CPU
		{E286B1CA-1E75-4AE7-98B4-0E63A2BF8237}.Debug|x86.ActiveCfg = Debug|Any CPU
		{E286B1CA-1E75-4AE7-98B4-0E63A2BF8237}.Debug|x86.Build.0 = Debug|Any CPU
		{E286B1CA-1E75-4AE7-98B4-0E63A2BF8237}.Release|Any CPU.ActiveCfg = Release|Any CPU
		{E286B1CA-1E75-4AE7-98B4-0E63A2BF8237}.Release|Any CPU.Build.0 = Release|Any CPU
		{E286B1CA-1E75-4AE7-98B4-0E63A2BF8237}.Release|x64.ActiveCfg = Release|Any CPU
		{E286B1CA-1E75-4AE7-98B4-0E63A2BF8237}.Release|x64.Build.0 = Release|Any CPU
		{E286B1CA-1E75-4AE7-98B4-0E63A2BF8237}.Release|x86.ActiveCfg = Release|Any CPU
		{E286B1CA-1E75-4AE7-98B4-0E63A2BF8237}.Release|x86.Build.0 = Release|Any CPU
		{F46CEDB0-2FD9-4F8A-BC3F-7CD16A7A5BD7}.Debug|Any CPU.ActiveCfg = Debug|Any CPU
		{F46CEDB0-2FD9-4F8A-BC3F-7CD16A7A5BD7}.Debug|Any CPU.Build.0 = Debug|Any CPU
		{F46CEDB0-2FD9-4F8A-BC3F-7CD16A7A5BD7}.Debug|x64.ActiveCfg = Debug|Any CPU
		{F46CEDB0-2FD9-4F8A-BC3F-7CD16A7A5BD7}.Debug|x64.Build.0 = Debug|Any CPU
		{F46CEDB0-2FD9-4F8A-BC3F-7CD16A7A5BD7}.Debug|x86.ActiveCfg = Debug|Any CPU
		{F46CEDB0-2FD9-4F8A-BC3F-7CD16A7A5BD7}.Debug|x86.Build.0 = Debug|Any CPU
		{F46CEDB0-2FD9-4F8A-BC3F-7CD16A7A5BD7}.Release|Any CPU.ActiveCfg = Release|Any CPU
		{F46CEDB0-2FD9-4F8A-BC3F-7CD16A7A5BD7}.Release|Any CPU.Build.0 = Release|Any CPU
		{F46CEDB0-2FD9-4F8A-BC3F-7CD16A7A5BD7}.Release|x64.ActiveCfg = Release|Any CPU
		{F46CEDB0-2FD9-4F8A-BC3F-7CD16A7A5BD7}.Release|x64.Build.0 = Release|Any CPU
		{F46CEDB0-2FD9-4F8A-BC3F-7CD16A7A5BD7}.Release|x86.ActiveCfg = Release|Any CPU
		{F46CEDB0-2FD9-4F8A-BC3F-7CD16A7A5BD7}.Release|x86.Build.0 = Release|Any CPU
		{50BC71CC-269A-496C-A078-882106A52153}.Debug|Any CPU.ActiveCfg = Debug|Any CPU
		{50BC71CC-269A-496C-A078-882106A52153}.Debug|Any CPU.Build.0 = Debug|Any CPU
		{50BC71CC-269A-496C-A078-882106A52153}.Debug|x64.ActiveCfg = Debug|Any CPU
		{50BC71CC-269A-496C-A078-882106A52153}.Debug|x64.Build.0 = Debug|Any CPU
		{50BC71CC-269A-496C-A078-882106A52153}.Debug|x86.ActiveCfg = Debug|Any CPU
		{50BC71CC-269A-496C-A078-882106A52153}.Debug|x86.Build.0 = Debug|Any CPU
		{50BC71CC-269A-496C-A078-882106A52153}.Release|Any CPU.ActiveCfg = Release|Any CPU
		{50BC71CC-269A-496C-A078-882106A52153}.Release|Any CPU.Build.0 = Release|Any CPU
		{50BC71CC-269A-496C-A078-882106A52153}.Release|x64.ActiveCfg = Release|Any CPU
		{50BC71CC-269A-496C-A078-882106A52153}.Release|x64.Build.0 = Release|Any CPU
		{50BC71CC-269A-496C-A078-882106A52153}.Release|x86.ActiveCfg = Release|Any CPU
		{50BC71CC-269A-496C-A078-882106A52153}.Release|x86.Build.0 = Release|Any CPU
		{3A62A62E-A176-4C96-BB37-BA6322B49C4A}.Debug|Any CPU.ActiveCfg = Debug|Any CPU
		{3A62A62E-A176-4C96-BB37-BA6322B49C4A}.Debug|Any CPU.Build.0 = Debug|Any CPU
		{3A62A62E-A176-4C96-BB37-BA6322B49C4A}.Debug|x64.ActiveCfg = Debug|Any CPU
		{3A62A62E-A176-4C96-BB37-BA6322B49C4A}.Debug|x64.Build.0 = Debug|Any CPU
		{3A62A62E-A176-4C96-BB37-BA6322B49C4A}.Debug|x86.ActiveCfg = Debug|Any CPU
		{3A62A62E-A176-4C96-BB37-BA6322B49C4A}.Debug|x86.Build.0 = Debug|Any CPU
		{3A62A62E-A176-4C96-BB37-BA6322B49C4A}.Release|Any CPU.ActiveCfg = Release|Any CPU
		{3A62A62E-A176-4C96-BB37-BA6322B49C4A}.Release|Any CPU.Build.0 = Release|Any CPU
		{3A62A62E-A176-4C96-BB37-BA6322B49C4A}.Release|x64.ActiveCfg = Release|Any CPU
		{3A62A62E-A176-4C96-BB37-BA6322B49C4A}.Release|x64.Build.0 = Release|Any CPU
		{3A62A62E-A176-4C96-BB37-BA6322B49C4A}.Release|x86.ActiveCfg = Release|Any CPU
		{3A62A62E-A176-4C96-BB37-BA6322B49C4A}.Release|x86.Build.0 = Release|Any CPU
		{C6728A3A-54ED-40B4-9C20-3A6BBEC3A8EF}.Debug|Any CPU.ActiveCfg = Debug|Any CPU
		{C6728A3A-54ED-40B4-9C20-3A6BBEC3A8EF}.Debug|Any CPU.Build.0 = Debug|Any CPU
		{C6728A3A-54ED-40B4-9C20-3A6BBEC3A8EF}.Debug|x64.ActiveCfg = Debug|Any CPU
		{C6728A3A-54ED-40B4-9C20-3A6BBEC3A8EF}.Debug|x64.Build.0 = Debug|Any CPU
		{C6728A3A-54ED-40B4-9C20-3A6BBEC3A8EF}.Debug|x86.ActiveCfg = Debug|Any CPU
		{C6728A3A-54ED-40B4-9C20-3A6BBEC3A8EF}.Debug|x86.Build.0 = Debug|Any CPU
		{C6728A3A-54ED-40B4-9C20-3A6BBEC3A8EF}.Release|Any CPU.ActiveCfg = Release|Any CPU
		{C6728A3A-54ED-40B4-9C20-3A6BBEC3A8EF}.Release|Any CPU.Build.0 = Release|Any CPU
		{C6728A3A-54ED-40B4-9C20-3A6BBEC3A8EF}.Release|x64.ActiveCfg = Release|Any CPU
		{C6728A3A-54ED-40B4-9C20-3A6BBEC3A8EF}.Release|x64.Build.0 = Release|Any CPU
		{C6728A3A-54ED-40B4-9C20-3A6BBEC3A8EF}.Release|x86.ActiveCfg = Release|Any CPU
		{C6728A3A-54ED-40B4-9C20-3A6BBEC3A8EF}.Release|x86.Build.0 = Release|Any CPU
	EndGlobalSection
	GlobalSection(SolutionProperties) = preSolution
		HideSolutionNode = FALSE
	EndGlobalSection
EndGlobal
